
Microsoft Visual Studio Solution File, Format Version 12.00
# Visual Studio Version 17
VisualStudioVersion = 17.0.31903.59
MinimumVisualStudioVersion = 10.0.40219.1
Project("{2150E333-8FDC-42A3-9474-1A3956D46DE8}") = "src", "src", "{827E0CD3-B72D-47B6-A68D-7590B98EB39B}"
EndProject
Project("{FAE04EC0-301F-11D3-BF4B-00C04F79EFBC}") = "Skynet.Core", "src\Skynet.Core\Skynet.Core.csproj", "{CA1BAAF2-8B90-445C-B36B-D6AEAD782E0B}"
EndProject
Project("{FAE04EC0-301F-11D3-BF4B-00C04F79EFBC}") = "Skynet.Cluster", "src\Skynet.Cluster\Skynet.Cluster.csproj", "{F9F9B9F6-B36E-43A4-8F0A-1E81E4257D49}"
EndProject
Project("{FAE04EC0-301F-11D3-BF4B-00C04F79EFBC}") = "Skynet.Net", "src\Skynet.Net\Skynet.Net.csproj", "{57141B20-CEA7-492D-989F-13C16E1789F9}"
EndProject
Project("{FAE04EC0-301F-11D3-BF4B-00C04F79EFBC}") = "Skynet.Extras", "src\Skynet.Extras\Skynet.Extras.csproj", "{E425DC3D-9E28-47F7-975A-6BDC19CE3BA6}"
EndProject
Project("{FAE04EC0-301F-11D3-BF4B-00C04F79EFBC}") = "Skynet.Examples", "src\Skynet.Examples\Skynet.Examples.csproj", "{20BD10DD-E6A1-4DF1-83EB-6110F8A6DA1F}"
EndProject
Project("{2150E333-8FDC-42A3-9474-1A3956D46DE8}") = "tests", "tests", "{0AB3BF05-4346-4AA6-1389-037BE0695223}"
EndProject
Project("{FAE04EC0-301F-11D3-BF4B-00C04F79EFBC}") = "Skynet.Core.Tests", "tests\Skynet.Core.Tests\Skynet.Core.Tests.csproj", "{5C429A1D-CFE1-4AC9-A933-BAB078518AC2}"
EndProject
Project("{FAE04EC0-301F-11D3-BF4B-00C04F79EFBC}") = "Skynet.Cluster.Tests", "tests\Skynet.Cluster.Tests\Skynet.Cluster.Tests.csproj", "{CFBF4740-981B-43E9-84CF-E3454E246D04}"
EndProject
Project("{FAE04EC0-301F-11D3-BF4B-00C04F79EFBC}") = "Skynet.Net.Tests", "tests\Skynet.Net.Tests\Skynet.Net.Tests.csproj", "{616B11FB-1FF1-46B0-A5E5-F7DC86158BD6}"
EndProject
Project("{FAE04EC0-301F-11D3-BF4B-00C04F79EFBC}") = "Skynet.Extras.Tests", "tests\Skynet.Extras.Tests\Skynet.Extras.Tests.csproj", "{A4A45C34-B6CC-46BD-BF04-D6C67AF2E5FF}"
EndProject
Global
	GlobalSection(SolutionConfigurationPlatforms) = preSolution
		Debug|Any CPU = Debug|Any CPU
		Debug|x64 = Debug|x64
		Debug|x86 = Debug|x86
		Release|Any CPU = Release|Any CPU
		Release|x64 = Release|x64
		Release|x86 = Release|x86
	EndGlobalSection
	GlobalSection(ProjectConfigurationPlatforms) = postSolution
		{CA1BAAF2-8B90-445C-B36B-D6AEAD782E0B}.Debug|Any CPU.ActiveCfg = Debug|Any CPU
		{CA1BAAF2-8B90-445C-B36B-D6AEAD782E0B}.Debug|Any CPU.Build.0 = Debug|Any CPU
		{CA1BAAF2-8B90-445C-B36B-D6AEAD782E0B}.Debug|x64.ActiveCfg = Debug|Any CPU
		{CA1BAAF2-8B90-445C-B36B-D6AEAD782E0B}.Debug|x64.Build.0 = Debug|Any CPU
		{CA1BAAF2-8B90-445C-B36B-D6AEAD782E0B}.Debug|x86.ActiveCfg = Debug|Any CPU
		{CA1BAAF2-8B90-445C-B36B-D6AEAD782E0B}.Debug|x86.Build.0 = Debug|Any CPU
		{CA1BAAF2-8B90-445C-B36B-D6AEAD782E0B}.Release|Any CPU.ActiveCfg = Release|Any CPU
		{CA1BAAF2-8B90-445C-B36B-D6AEAD782E0B}.Release|Any CPU.Build.0 = Release|Any CPU
		{CA1BAAF2-8B90-445C-B36B-D6AEAD782E0B}.Release|x64.ActiveCfg = Release|Any CPU
		{CA1BAAF2-8B90-445C-B36B-D6AEAD782E0B}.Release|x64.Build.0 = Release|Any CPU
		{CA1BAAF2-8B90-445C-B36B-D6AEAD782E0B}.Release|x86.ActiveCfg = Release|Any CPU
		{CA1BAAF2-8B90-445C-B36B-D6AEAD782E0B}.Release|x86.Build.0 = Release|Any CPU
		{F9F9B9F6-B36E-43A4-8F0A-1E81E4257D49}.Debug|Any CPU.ActiveCfg = Debug|Any CPU
		{F9F9B9F6-B36E-43A4-8F0A-1E81E4257D49}.Debug|Any CPU.Build.0 = Debug|Any CPU
		{F9F9B9F6-B36E-43A4-8F0A-1E81E4257D49}.Debug|x64.ActiveCfg = Debug|Any CPU
		{F9F9B9F6-B36E-43A4-8F0A-1E81E4257D49}.Debug|x64.Build.0 = Debug|Any CPU
		{F9F9B9F6-B36E-43A4-8F0A-1E81E4257D49}.Debug|x86.ActiveCfg = Debug|Any CPU
		{F9F9B9F6-B36E-43A4-8F0A-1E81E4257D49}.Debug|x86.Build.0 = Debug|Any CPU
		{F9F9B9F6-B36E-43A4-8F0A-1E81E4257D49}.Release|Any CPU.ActiveCfg = Release|Any CPU
		{F9F9B9F6-B36E-43A4-8F0A-1E81E4257D49}.Release|Any CPU.Build.0 = Release|Any CPU
		{F9F9B9F6-B36E-43A4-8F0A-1E81E4257D49}.Release|x64.ActiveCfg = Release|Any CPU
		{F9F9B9F6-B36E-43A4-8F0A-1E81E4257D49}.Release|x64.Build.0 = Release|Any CPU
		{F9F9B9F6-B36E-43A4-8F0A-1E81E4257D49}.Release|x86.ActiveCfg = Release|Any CPU
		{F9F9B9F6-B36E-43A4-8F0A-1E81E4257D49}.Release|x86.Build.0 = Release|Any CPU
		{57141B20-CEA7-492D-989F-13C16E1789F9}.Debug|Any CPU.ActiveCfg = Debug|Any CPU
		{57141B20-CEA7-492D-989F-13C16E1789F9}.Debug|Any CPU.Build.0 = Debug|Any CPU
		{57141B20-CEA7-492D-989F-13C16E1789F9}.Debug|x64.ActiveCfg = Debug|Any CPU
		{57141B20-CEA7-492D-989F-13C16E1789F9}.Debug|x64.Build.0 = Debug|Any CPU
		{57141B20-CEA7-492D-989F-13C16E1789F9}.Debug|x86.ActiveCfg = Debug|Any CPU
		{57141B20-CEA7-492D-989F-13C16E1789F9}.Debug|x86.Build.0 = Debug|Any CPU
		{57141B20-CEA7-492D-989F-13C16E1789F9}.Release|Any CPU.ActiveCfg = Release|Any CPU
		{57141B20-CEA7-492D-989F-13C16E1789F9}.Release|Any CPU.Build.0 = Release|Any CPU
		{57141B20-CEA7-492D-989F-13C16E1789F9}.Release|x64.ActiveCfg = Release|Any CPU
		{57141B20-CEA7-492D-989F-13C16E1789F9}.Release|x64.Build.0 = Release|Any CPU
		{57141B20-CEA7-492D-989F-13C16E1789F9}.Release|x86.ActiveCfg = Release|Any CPU
		{57141B20-CEA7-492D-989F-13C16E1789F9}.Release|x86.Build.0 = Release|Any CPU
		{E425DC3D-9E28-47F7-975A-6BDC19CE3BA6}.Debug|Any CPU.ActiveCfg = Debug|Any CPU
		{E425DC3D-9E28-47F7-975A-6BDC19CE3BA6}.Debug|Any CPU.Build.0 = Debug|Any CPU
		{E425DC3D-9E28-47F7-975A-6BDC19CE3BA6}.Debug|x64.ActiveCfg = Debug|Any CPU
		{E425DC3D-9E28-47F7-975A-6BDC19CE3BA6}.Debug|x64.Build.0 = Debug|Any CPU
		{E425DC3D-9E28-47F7-975A-6BDC19CE3BA6}.Debug|x86.ActiveCfg = Debug|Any CPU
		{E425DC3D-9E28-47F7-975A-6BDC19CE3BA6}.Debug|x86.Build.0 = Debug|Any CPU
		{E425DC3D-9E28-47F7-975A-6BDC19CE3BA6}.Release|Any CPU.ActiveCfg = Release|Any CPU
		{E425DC3D-9E28-47F7-975A-6BDC19CE3BA6}.Release|Any CPU.Build.0 = Release|Any CPU
		{E425DC3D-9E28-47F7-975A-6BDC19CE3BA6}.Release|x64.ActiveCfg = Release|Any CPU
		{E425DC3D-9E28-47F7-975A-6BDC19CE3BA6}.Release|x64.Build.0 = Release|Any CPU
		{E425DC3D-9E28-47F7-975A-6BDC19CE3BA6}.Release|x86.ActiveCfg = Release|Any CPU
		{E425DC3D-9E28-47F7-975A-6BDC19CE3BA6}.Release|x86.Build.0 = Release|Any CPU
		{20BD10DD-E6A1-4DF1-83EB-6110F8A6DA1F}.Debug|Any CPU.ActiveCfg = Debug|Any CPU
		{20BD10DD-E6A1-4DF1-83EB-6110F8A6DA1F}.Debug|Any CPU.Build.0 = Debug|Any CPU
		{20BD10DD-E6A1-4DF1-83EB-6110F8A6DA1F}.Debug|x64.ActiveCfg = Debug|Any CPU
		{20BD10DD-E6A1-4DF1-83EB-6110F8A6DA1F}.Debug|x64.Build.0 = Debug|Any CPU
		{20BD10DD-E6A1-4DF1-83EB-6110F8A6DA1F}.Debug|x86.ActiveCfg = Debug|Any CPU
		{20BD10DD-E6A1-4DF1-83EB-6110F8A6DA1F}.Debug|x86.Build.0 = Debug|Any CPU
		{20BD10DD-E6A1-4DF1-83EB-6110F8A6DA1F}.Release|Any CPU.ActiveCfg = Release|Any CPU
		{20BD10DD-E6A1-4DF1-83EB-6110F8A6DA1F}.Release|Any CPU.Build.0 = Release|Any CPU
		{20BD10DD-E6A1-4DF1-83EB-6110F8A6DA1F}.Release|x64.ActiveCfg = Release|Any CPU
		{20BD10DD-E6A1-4DF1-83EB-6110F8A6DA1F}.Release|x64.Build.0 = Release|Any CPU
		{20BD10DD-E6A1-4DF1-83EB-6110F8A6DA1F}.Release|x86.ActiveCfg = Release|Any CPU
		{20BD10DD-E6A1-4DF1-83EB-6110F8A6DA1F}.Release|x86.Build.0 = Release|Any CPU
		{5C429A1D-CFE1-4AC9-A933-BAB078518AC2}.Debug|Any CPU.ActiveCfg = Debug|Any CPU
		{5C429A1D-CFE1-4AC9-A933-BAB078518AC2}.Debug|Any CPU.Build.0 = Debug|Any CPU
		{5C429A1D-CFE1-4AC9-A933-BAB078518AC2}.Debug|x64.ActiveCfg = Debug|Any CPU
		{5C429A1D-CFE1-4AC9-A933-BAB078518AC2}.Debug|x64.Build.0 = Debug|Any CPU
		{5C429A1D-CFE1-4AC9-A933-BAB078518AC2}.Debug|x86.ActiveCfg = Debug|Any CPU
		{5C429A1D-CFE1-4AC9-A933-BAB078518AC2}.Debug|x86.Build.0 = Debug|Any CPU
		{5C429A1D-CFE1-4AC9-A933-BAB078518AC2}.Release|Any CPU.ActiveCfg = Release|Any CPU
		{5C429A1D-CFE1-4AC9-A933-BAB078518AC2}.Release|Any CPU.Build.0 = Release|Any CPU
		{5C429A1D-CFE1-4AC9-A933-BAB078518AC2}.Release|x64.ActiveCfg = Release|Any CPU
		{5C429A1D-CFE1-4AC9-A933-BAB078518AC2}.Release|x64.Build.0 = Release|Any CPU
		{5C429A1D-CFE1-4AC9-A933-BAB078518AC2}.Release|x86.ActiveCfg = Release|Any CPU
		{5C429A1D-CFE1-4AC9-A933-BAB078518AC2}.Release|x86.Build.0 = Release|Any CPU
		{CFBF4740-981B-43E9-84CF-E3454E246D04}.Debug|Any CPU.ActiveCfg = Debug|Any CPU
		{CFBF4740-981B-43E9-84CF-E3454E246D04}.Debug|Any CPU.Build.0 = Debug|Any CPU
		{CFBF4740-981B-43E9-84CF-E3454E246D04}.Debug|x64.ActiveCfg = Debug|Any CPU
		{CFBF4740-981B-43E9-84CF-E3454E246D04}.Debug|x64.Build.0 = Debug|Any CPU
		{CFBF4740-981B-43E9-84CF-E3454E246D04}.Debug|x86.ActiveCfg = Debug|Any CPU
		{CFBF4740-981B-43E9-84CF-E3454E246D04}.Debug|x86.Build.0 = Debug|Any CPU
		{CFBF4740-981B-43E9-84CF-E3454E246D04}.Release|Any CPU.ActiveCfg = Release|Any CPU
		{CFBF4740-981B-43E9-84CF-E3454E246D04}.Release|Any CPU.Build.0 = Release|Any CPU
		{CFBF4740-981B-43E9-84CF-E3454E246D04}.Release|x64.ActiveCfg = Release|Any CPU
		{CFBF4740-981B-43E9-84CF-E3454E246D04}.Release|x64.Build.0 = Release|Any CPU
		{CFBF4740-981B-43E9-84CF-E3454E246D04}.Release|x86.ActiveCfg = Release|Any CPU
		{CFBF4740-981B-43E9-84CF-E3454E246D04}.Release|x86.Build.0 = Release|Any CPU
		{616B11FB-1FF1-46B0-A5E5-F7DC86158BD6}.Debug|Any CPU.ActiveCfg = Debug|Any CPU
		{616B11FB-1FF1-46B0-A5E5-F7DC86158BD6}.Debug|Any CPU.Build.0 = Debug|Any CPU
		{616B11FB-1FF1-46B0-A5E5-F7DC86158BD6}.Debug|x64.ActiveCfg = Debug|Any CPU
		{616B11FB-1FF1-46B0-A5E5-F7DC86158BD6}.Debug|x64.Build.0 = Debug|Any CPU
		{616B11FB-1FF1-46B0-A5E5-F7DC86158BD6}.Debug|x86.ActiveCfg = Debug|Any CPU
		{616B11FB-1FF1-46B0-A5E5-F7DC86158BD6}.Debug|x86.Build.0 = Debug|Any CPU
		{616B11FB-1FF1-46B0-A5E5-F7DC86158BD6}.Release|Any CPU.ActiveCfg = Release|Any CPU
		{616B11FB-1FF1-46B0-A5E5-F7DC86158BD6}.Release|Any CPU.Build.0 = Release|Any CPU
		{616B11FB-1FF1-46B0-A5E5-F7DC86158BD6}.Release|x64.ActiveCfg = Release|Any CPU
		{616B11FB-1FF1-46B0-A5E5-F7DC86158BD6}.Release|x64.Build.0 = Release|Any CPU
		{616B11FB-1FF1-46B0-A5E5-F7DC86158BD6}.Release|x86.ActiveCfg = Release|Any CPU
		{616B11FB-1FF1-46B0-A5E5-F7DC86158BD6}.Release|x86.Build.0 = Release|Any CPU
		{A4A45C34-B6CC-46BD-BF04-D6C67AF2E5FF}.Debug|Any CPU.ActiveCfg = Debug|Any CPU
		{A4A45C34-B6CC-46BD-BF04-D6C67AF2E5FF}.Debug|Any CPU.Build.0 = Debug|Any CPU
		{A4A45C34-B6CC-46BD-BF04-D6C67AF2E5FF}.Debug|x64.ActiveCfg = Debug|Any CPU
		{A4A45C34-B6CC-46BD-BF04-D6C67AF2E5FF}.Debug|x64.Build.0 = Debug|Any CPU
		{A4A45C34-B6CC-46BD-BF04-D6C67AF2E5FF}.Debug|x86.ActiveCfg = Debug|Any CPU
		{A4A45C34-B6CC-46BD-BF04-D6C67AF2E5FF}.Debug|x86.Build.0 = Debug|Any CPU
		{A4A45C34-B6CC-46BD-BF04-D6C67AF2E5FF}.Release|Any CPU.ActiveCfg = Release|Any CPU
		{A4A45C34-B6CC-46BD-BF04-D6C67AF2E5FF}.Release|Any CPU.Build.0 = Release|Any CPU
		{A4A45C34-B6CC-46BD-BF04-D6C67AF2E5FF}.Release|x64.ActiveCfg = Release|Any CPU
		{A4A45C34-B6CC-46BD-BF04-D6C67AF2E5FF}.Release|x64.Build.0 = Release|Any CPU
		{A4A45C34-B6CC-46BD-BF04-D6C67AF2E5FF}.Release|x86.ActiveCfg = Release|Any CPU
		{A4A45C34-B6CC-46BD-BF04-D6C67AF2E5FF}.Release|x86.Build.0 = Release|Any CPU
	EndGlobalSection
	GlobalSection(SolutionProperties) = preSolution
		HideSolutionNode = FALSE
	EndGlobalSection
	GlobalSection(NestedProjects) = preSolution
		{CA1BAAF2-8B90-445C-B36B-D6AEAD782E0B} = {827E0CD3-B72D-47B6-A68D-7590B98EB39B}
		{F9F9B9F6-B36E-43A4-8F0A-1E81E4257D49} = {827E0CD3-B72D-47B6-A68D-7590B98EB39B}
		{57141B20-CEA7-492D-989F-13C16E1789F9} = {827E0CD3-B72D-47B6-A68D-7590B98EB39B}
		{E425DC3D-9E28-47F7-975A-6BDC19CE3BA6} = {827E0CD3-B72D-47B6-A68D-7590B98EB39B}
		{20BD10DD-E6A1-4DF1-83EB-6110F8A6DA1F} = {827E0CD3-B72D-47B6-A68D-7590B98EB39B}
		{5C429A1D-CFE1-4AC9-A933-BAB078518AC2} = {0AB3BF05-4346-4AA6-1389-037BE0695223}
		{CFBF4740-981B-43E9-84CF-E3454E246D04} = {0AB3BF05-4346-4AA6-1389-037BE0695223}
		{616B11FB-1FF1-46B0-A5E5-F7DC86158BD6} = {0AB3BF05-4346-4AA6-1389-037BE0695223}
		{A4A45C34-B6CC-46BD-BF04-D6C67AF2E5FF} = {0AB3BF05-4346-4AA6-1389-037BE0695223}
	EndGlobalSection
EndGlobal
